
Microsoft Visual Studio Solution File, Format Version 12.00
# Visual Studio Version 17
VisualStudioVersion = 17.0.31903.59
MinimumVisualStudioVersion = 10.0.40219.1
Project("{FAE04EC0-301F-11D3-BF4B-00C04F79EFBC}") = "B3DMTest", "src\B3DMTest.csproj", "{E0DF0BA9-3870-494C-BBB0-193F1F59A674}"
EndProject
Project("{FAE04EC0-301F-11D3-BF4B-00C04F79EFBC}") = "A4L.MP3DCore", "..\MapPrimeNetV2\src\A4L.MP3DCore\A4L.MP3DCore.csproj", "{002503DC-01BE-28A4-1946-C2A595EA635D}"
EndProject
Project("{FAE04EC0-301F-11D3-BF4B-00C04F79EFBC}") = "A4L.Mapprime3DNet", "..\MapPrimeNetV2\src\A4L.Mapprime3DNet\A4L.Mapprime3DNet.csproj", "{F3D36CCF-C9E6-CCC8-EC84-F28512BA8342}"
EndProject
Project("{FAE04EC0-301F-11D3-BF4B-00C04F79EFBC}") = "A4L.MP2DCore", "..\MapPrimeNetV2\src\A4L.MP2DCore\A4L.MP2DCore.csproj", "{6490B40D-9B1D-3A0A-BFB1-89633AD41509}"
EndProject
Project("{FAE04EC0-301F-11D3-BF4B-00C04F79EFBC}") = "laszip.net", "..\MapPrimeNetV2\src\laszip.net\laszip.net.csproj", "{0A6D6401-4779-4517-967E-969020D68742}"
EndProject
Global
	GlobalSection(SolutionConfigurationPlatforms) = preSolution
		Debug|Any CPU = Debug|Any CPU
		Debug|x64 = Debug|x64
		Debug|x86 = Debug|x86
		Release|Any CPU = Release|Any CPU
		Release|x64 = Release|x64
		Release|x86 = Release|x86
	EndGlobalSection
	GlobalSection(ProjectConfigurationPlatforms) = postSolution
		{E0DF0BA9-3870-494C-BBB0-193F1F59A674}.Debug|Any CPU.ActiveCfg = Debug|Any CPU
		{E0DF0BA9-3870-494C-BBB0-193F1F59A674}.Debug|Any CPU.Build.0 = Debug|Any CPU
		{E0DF0BA9-3870-494C-BBB0-193F1F59A674}.Debug|x64.ActiveCfg = Debug|Any CPU
		{E0DF0BA9-3870-494C-BBB0-193F1F59A674}.Debug|x64.Build.0 = Debug|Any CPU
		{E0DF0BA9-3870-494C-BBB0-193F1F59A674}.Debug|x86.ActiveCfg = Debug|Any CPU
		{E0DF0BA9-3870-494C-BBB0-193F1F59A674}.Debug|x86.Build.0 = Debug|Any CPU
		{E0DF0BA9-3870-494C-BBB0-193F1F59A674}.Release|Any CPU.ActiveCfg = Release|Any CPU
		{E0DF0BA9-3870-494C-BBB0-193F1F59A674}.Release|Any CPU.Build.0 = Release|Any CPU
		{E0DF0BA9-3870-494C-BBB0-193F1F59A674}.Release|x64.ActiveCfg = Release|Any CPU
		{E0DF0BA9-3870-494C-BBB0-193F1F59A674}.Release|x64.Build.0 = Release|Any CPU
		{E0DF0BA9-3870-494C-BBB0-193F1F59A674}.Release|x86.ActiveCfg = Release|Any CPU
		{E0DF0BA9-3870-494C-BBB0-193F1F59A674}.Release|x86.Build.0 = Release|Any CPU
		{002503DC-01BE-28A4-1946-C2A595EA635D}.Debug|Any CPU.ActiveCfg = Debug|Any CPU
		{002503DC-01BE-28A4-1946-C2A595EA635D}.Debug|Any CPU.Build.0 = Debug|Any CPU
		{002503DC-01BE-28A4-1946-C2A595EA635D}.Debug|x64.ActiveCfg = Debug|x64
		{002503DC-01BE-28A4-1946-C2A595EA635D}.Debug|x64.Build.0 = Debug|x64
		{002503DC-01BE-28A4-1946-C2A595EA635D}.Debug|x86.ActiveCfg = Debug|Any CPU
		{002503DC-01BE-28A4-1946-C2A595EA635D}.Debug|x86.Build.0 = Debug|Any CPU
		{002503DC-01BE-28A4-1946-C2A595EA635D}.Release|Any CPU.ActiveCfg = Release|Any CPU
		{002503DC-01BE-28A4-1946-C2A595EA635D}.Release|Any CPU.Build.0 = Release|Any CPU
		{002503DC-01BE-28A4-1946-C2A595EA635D}.Release|x64.ActiveCfg = Release|x64
		{002503DC-01BE-28A4-1946-C2A595EA635D}.Release|x64.Build.0 = Release|x64
		{002503DC-01BE-28A4-1946-C2A595EA635D}.Release|x86.ActiveCfg = Release|Any CPU
		{002503DC-01BE-28A4-1946-C2A595EA635D}.Release|x86.Build.0 = Release|Any CPU
		{F3D36CCF-C9E6-CCC8-EC84-F28512BA8342}.Debug|Any CPU.ActiveCfg = Debug|Any CPU
		{F3D36CCF-C9E6-CCC8-EC84-F28512BA8342}.Debug|Any CPU.Build.0 = Debug|Any CPU
		{F3D36CCF-C9E6-CCC8-EC84-F28512BA8342}.Debug|x64.ActiveCfg = Debug|x64
		{F3D36CCF-C9E6-CCC8-EC84-F28512BA8342}.Debug|x64.Build.0 = Debug|x64
		{F3D36CCF-C9E6-CCC8-EC84-F28512BA8342}.Debug|x86.ActiveCfg = Debug|Any CPU
		{F3D36CCF-C9E6-CCC8-EC84-F28512BA8342}.Debug|x86.Build.0 = Debug|Any CPU
		{F3D36CCF-C9E6-CCC8-EC84-F28512BA8342}.Release|Any CPU.ActiveCfg = Release|Any CPU
		{F3D36CCF-C9E6-CCC8-EC84-F28512BA8342}.Release|Any CPU.Build.0 = Release|Any CPU
		{F3D36CCF-C9E6-CCC8-EC84-F28512BA8342}.Release|x64.ActiveCfg = Release|x64
		{F3D36CCF-C9E6-CCC8-EC84-F28512BA8342}.Release|x64.Build.0 = Release|x64
		{F3D36CCF-C9E6-CCC8-EC84-F28512BA8342}.Release|x86.ActiveCfg = Release|Any CPU
		{F3D36CCF-C9E6-CCC8-EC84-F28512BA8342}.Release|x86.Build.0 = Release|Any CPU
		{6490B40D-9B1D-3A0A-BFB1-89633AD41509}.Debug|Any CPU.ActiveCfg = Debug|Any CPU
		{6490B40D-9B1D-3A0A-BFB1-89633AD41509}.Debug|Any CPU.Build.0 = Debug|Any CPU
		{6490B40D-9B1D-3A0A-BFB1-89633AD41509}.Debug|x64.ActiveCfg = Debug|x64
		{6490B40D-9B1D-3A0A-BFB1-89633AD41509}.Debug|x64.Build.0 = Debug|x64
		{6490B40D-9B1D-3A0A-BFB1-89633AD41509}.Debug|x86.ActiveCfg = Debug|Any CPU
		{6490B40D-9B1D-3A0A-BFB1-89633AD41509}.Debug|x86.Build.0 = Debug|Any CPU
		{6490B40D-9B1D-3A0A-BFB1-89633AD41509}.Release|Any CPU.ActiveCfg = Release|Any CPU
		{6490B40D-9B1D-3A0A-BFB1-89633AD41509}.Release|Any CPU.Build.0 = Release|Any CPU
		{6490B40D-9B1D-3A0A-BFB1-89633AD41509}.Release|x64.ActiveCfg = Release|x64
		{6490B40D-9B1D-3A0A-BFB1-89633AD41509}.Release|x64.Build.0 = Release|x64
		{6490B40D-9B1D-3A0A-BFB1-89633AD41509}.Release|x86.ActiveCfg = Release|Any CPU
		{6490B40D-9B1D-3A0A-BFB1-89633AD41509}.Release|x86.Build.0 = Release|Any CPU
		{0A6D6401-4779-4517-967E-969020D68742}.Debug|Any CPU.ActiveCfg = Debug|Any CPU
		{0A6D6401-4779-4517-967E-969020D68742}.Debug|Any CPU.Build.0 = Debug|Any CPU
		{0A6D6401-4779-4517-967E-969020D68742}.Debug|x64.ActiveCfg = Debug|x64
		{0A6D6401-4779-4517-967E-969020D68742}.Debug|x64.Build.0 = Debug|x64
		{0A6D6401-4779-4517-967E-969020D68742}.Debug|x86.ActiveCfg = Debug|Any CPU
		{0A6D6401-4779-4517-967E-969020D68742}.Debug|x86.Build.0 = Debug|Any CPU
		{0A6D6401-4779-4517-967E-969020D68742}.Release|Any CPU.ActiveCfg = Release|Any CPU
		{0A6D6401-4779-4517-967E-969020D68742}.Release|Any CPU.Build.0 = Release|Any CPU
		{0A6D6401-4779-4517-967E-969020D68742}.Release|x64.ActiveCfg = Release|x64
		{0A6D6401-4779-4517-967E-969020D68742}.Release|x64.Build.0 = Release|x64
		{0A6D6401-4779-4517-967E-969020D68742}.Release|x86.ActiveCfg = Release|Any CPU
		{0A6D6401-4779-4517-967E-969020D68742}.Release|x86.Build.0 = Release|Any CPU
	EndGlobalSection
	GlobalSection(SolutionProperties) = preSolution
		HideSolutionNode = FALSE
	EndGlobalSection
	GlobalSection(ExtensibilityGlobals) = postSolution
		SolutionGuid = {07A40EBA-1BE9-4FE9-B24C-CD5B207D7F0B}
	EndGlobalSection
EndGlobal
